
Microsoft Visual Studio Solution File, Format Version 12.00
# Visual Studio Version 16
VisualStudioVersion = 16.0.30907.101
MinimumVisualStudioVersion = 10.0.40219.1
Project("{FAE04EC0-301F-11D3-BF4B-00C04F79EFBC}") = "Whatsdown-ProfileService", "Whatsdown-ProfileService\Whatsdown-ProfileService.csproj", "{B92F67BB-8B1E-448D-83C2-E1A6447581BC}"
EndProject
Global
	GlobalSection(SolutionConfigurationPlatforms) = preSolution
		Debug|Any CPU = Debug|Any CPU
		Release|Any CPU = Release|Any CPU
	EndGlobalSection
	GlobalSection(ProjectConfigurationPlatforms) = postSolution
		{B92F67BB-8B1E-448D-83C2-E1A6447581BC}.Debug|Any CPU.ActiveCfg = Debug|Any CPU
		{B92F67BB-8B1E-448D-83C2-E1A6447581BC}.Debug|Any CPU.Build.0 = Debug|Any CPU
		{B92F67BB-8B1E-448D-83C2-E1A6447581BC}.Release|Any CPU.ActiveCfg = Release|Any CPU
		{B92F67BB-8B1E-448D-83C2-E1A6447581BC}.Release|Any CPU.Build.0 = Release|Any CPU
	EndGlobalSection
	GlobalSection(SolutionProperties) = preSolution
		HideSolutionNode = FALSE
	EndGlobalSection
	GlobalSection(ExtensibilityGlobals) = postSolution
		SolutionGuid = {EC71D1EB-B249-4B19-A39F-6B3B991CC82C}
	EndGlobalSection
EndGlobal
